// !$*UTF8*$!
{
	archiveVersion = 1;
	classes = {
	};
	objectVersion = 51;
	objects = {

/* Begin PBXBuildFile section */
		3B0ED3A022EB683E00F9D1F6 /* pealluck.gif in Resources */ = {isa = PBXBuildFile; fileRef = 3B0ED39F22EB683E00F9D1F6 /* pealluck.gif */; };
		3B0ED3A422F0D6B700F9D1F6 /* NotoSansKR-Light.otf in Resources */ = {isa = PBXBuildFile; fileRef = 3B0ED3A122F0D6B600F9D1F6 /* NotoSansKR-Light.otf */; };
		3B0ED3A522F0D6B700F9D1F6 /* NotoSansKR-Medium.otf in Resources */ = {isa = PBXBuildFile; fileRef = 3B0ED3A222F0D6B600F9D1F6 /* NotoSansKR-Medium.otf */; };
		3B0ED3A622F0D6B700F9D1F6 /* NotoSansKR-Regular.otf in Resources */ = {isa = PBXBuildFile; fileRef = 3B0ED3A322F0D6B600F9D1F6 /* NotoSansKR-Regular.otf */; };
		3B373CBD22E9308D00FFAEB2 /* CategoryViewController.swift in Sources */ = {isa = PBXBuildFile; fileRef = 3B373CBC22E9308D00FFAEB2 /* CategoryViewController.swift */; };
		3B373CC022E9332800FFAEB2 /* CategoryVO.swift in Sources */ = {isa = PBXBuildFile; fileRef = 3B373CBF22E9332800FFAEB2 /* CategoryVO.swift */; };
		3B373CC222E9338000FFAEB2 /* ItemVO.swift in Sources */ = {isa = PBXBuildFile; fileRef = 3B373CC122E9338000FFAEB2 /* ItemVO.swift */; };
		3B373CC822E9353700FFAEB2 /* UITableView+Extension.swift in Sources */ = {isa = PBXBuildFile; fileRef = 3B373CC722E9353700FFAEB2 /* UITableView+Extension.swift */; };
		3B373CCA22E9355400FFAEB2 /* UICollectionView+Extension.swift in Sources */ = {isa = PBXBuildFile; fileRef = 3B373CC922E9355400FFAEB2 /* UICollectionView+Extension.swift */; };
		3B373CCC22E935B100FFAEB2 /* CategoryCollectionViewCell.swift in Sources */ = {isa = PBXBuildFile; fileRef = 3B373CCB22E935B100FFAEB2 /* CategoryCollectionViewCell.swift */; };
		3B373CD222E98E4F00FFAEB2 /* AlertUsable.swift in Sources */ = {isa = PBXBuildFile; fileRef = 3B373CD122E98E4F00FFAEB2 /* AlertUsable.swift */; };
		3B373CD422E9945100FFAEB2 /* UIPresentable.swift in Sources */ = {isa = PBXBuildFile; fileRef = 3B373CD322E9945100FFAEB2 /* UIPresentable.swift */; };
		3B373CD622E99F8E00FFAEB2 /* ItemViewController.swift in Sources */ = {isa = PBXBuildFile; fileRef = 3B373CD522E99F8E00FFAEB2 /* ItemViewController.swift */; };
		3B373CDB22E9AB1B00FFAEB2 /* ItemTableViewCell.swift in Sources */ = {isa = PBXBuildFile; fileRef = 3B373CDA22E9AB1B00FFAEB2 /* ItemTableViewCell.swift */; };
		3B373CDD22E9AB3000FFAEB2 /* ItemCollectionViewCell.swift in Sources */ = {isa = PBXBuildFile; fileRef = 3B373CDC22E9AB3000FFAEB2 /* ItemCollectionViewCell.swift */; };
		3B373CDF22E9B10B00FFAEB2 /* UIView+Extension.swift in Sources */ = {isa = PBXBuildFile; fileRef = 3B373CDE22E9B10B00FFAEB2 /* UIView+Extension.swift */; };
		3B6CB90423030295004D7949 /* KeyboardObserving.swift in Sources */ = {isa = PBXBuildFile; fileRef = 3B6CB90323030295004D7949 /* KeyboardObserving.swift */; };
		3B6CB90A23030309004D7949 /* Notification+Extension.swift in Sources */ = {isa = PBXBuildFile; fileRef = 3B6CB90923030309004D7949 /* Notification+Extension.swift */; };
		3B775C7F22E7005A00926A8C /* AppDelegate.swift in Sources */ = {isa = PBXBuildFile; fileRef = 3B775C7E22E7005A00926A8C /* AppDelegate.swift */; };
		3B775C8422E7005A00926A8C /* Main.storyboard in Resources */ = {isa = PBXBuildFile; fileRef = 3B775C8222E7005A00926A8C /* Main.storyboard */; };
		3B775C8622E7005B00926A8C /* Assets.xcassets in Resources */ = {isa = PBXBuildFile; fileRef = 3B775C8522E7005B00926A8C /* Assets.xcassets */; };
		3B775C8922E7005B00926A8C /* LaunchScreen.storyboard in Resources */ = {isa = PBXBuildFile; fileRef = 3B775C8722E7005B00926A8C /* LaunchScreen.storyboard */; };
		3B775C9622E71CD700926A8C /* InfoPlist.strings in Resources */ = {isa = PBXBuildFile; fileRef = 3B775C9822E71CD700926A8C /* InfoPlist.strings */; };
		3B775CA022E728AD00926A8C /* .swiftlint.yml in Resources */ = {isa = PBXBuildFile; fileRef = 3B775C9F22E728AD00926A8C /* .swiftlint.yml */; };
		3B775CA322E72BD400926A8C /* LaunchScreenViewController.swift in Sources */ = {isa = PBXBuildFile; fileRef = 3B775CA222E72BD400926A8C /* LaunchScreenViewController.swift */; };
		3B775D1B22E7334300926A8C /* NibLoadable.swift in Sources */ = {isa = PBXBuildFile; fileRef = 3B775D1A22E7334300926A8C /* NibLoadable.swift */; };
		3B775D1D22E733D300926A8C /* UIStoryboard+Extension.swift in Sources */ = {isa = PBXBuildFile; fileRef = 3B775D1C22E733D300926A8C /* UIStoryboard+Extension.swift */; };
		3BA6817222EB5D88000166F0 /* DefaultVO.swift in Sources */ = {isa = PBXBuildFile; fileRef = 3BA6817122EB5D88000166F0 /* DefaultVO.swift */; };
		3BE6EFBC22FCEE9F007C46BF /* ItemDetailViewController.swift in Sources */ = {isa = PBXBuildFile; fileRef = 3BE6EFBB22FCEE9F007C46BF /* ItemDetailViewController.swift */; };
		3BE6EFBE22FCF1E2007C46BF /* NotoSansKR-Bold.otf in Resources */ = {isa = PBXBuildFile; fileRef = 3BE6EFBD22FCF1E1007C46BF /* NotoSansKR-Bold.otf */; };
		3BE6EFC222FCF454007C46BF /* ItemDetailTableViewCell.swift in Sources */ = {isa = PBXBuildFile; fileRef = 3BE6EFC122FCF454007C46BF /* ItemDetailTableViewCell.swift */; };
		8EF8D4FAC6E4F5475F1CD12C /* Pods_KoreanGuardians.framework in Frameworks */ = {isa = PBXBuildFile; fileRef = 61F22E99684CE10F9897995B /* Pods_KoreanGuardians.framework */; };
		B8F63A4322EA22CB0063B1E0 /* CategoryLayout.swift in Sources */ = {isa = PBXBuildFile; fileRef = B8F63A4222EA22CB0063B1E0 /* CategoryLayout.swift */; };
		B8F63A4722EA3C250063B1E0 /* Data+Extension.swift in Sources */ = {isa = PBXBuildFile; fileRef = B8F63A4622EA3C250063B1E0 /* Data+Extension.swift */; };
		B8F63A4922EA3C2E0063B1E0 /* String+Extension.swift in Sources */ = {isa = PBXBuildFile; fileRef = B8F63A4822EA3C2E0063B1E0 /* String+Extension.swift */; };
		B8F63A4B22EA48EF0063B1E0 /* Networkable.swift in Sources */ = {isa = PBXBuildFile; fileRef = B8F63A4A22EA48EF0063B1E0 /* Networkable.swift */; };
		B8F63A4D22EA49060063B1E0 /* NetworkManager.swift in Sources */ = {isa = PBXBuildFile; fileRef = B8F63A4C22EA49060063B1E0 /* NetworkManager.swift */; };
		B8F63A4F22EA49250063B1E0 /* NetworkResult.swift in Sources */ = {isa = PBXBuildFile; fileRef = B8F63A4E22EA49250063B1E0 /* NetworkResult.swift */; };
		B8F63A5122EA499B0063B1E0 /* GuardiansAPI.swift in Sources */ = {isa = PBXBuildFile; fileRef = B8F63A5022EA499B0063B1E0 /* GuardiansAPI.swift */; };
		B8F63A5622EA615B0063B1E0 /* MailUsable.swift in Sources */ = {isa = PBXBuildFile; fileRef = B8F63A5522EA615B0063B1E0 /* MailUsable.swift */; };
/* End PBXBuildFile section */

/* Begin PBXFileReference section */
		3B0ED39F22EB683E00F9D1F6 /* pealluck.gif */ = {isa = PBXFileReference; lastKnownFileType = image.gif; path = pealluck.gif; sourceTree = "<group>"; };
		3B0ED3A122F0D6B600F9D1F6 /* NotoSansKR-Light.otf */ = {isa = PBXFileReference; lastKnownFileType = file; path = "NotoSansKR-Light.otf"; sourceTree = "<group>"; };
		3B0ED3A222F0D6B600F9D1F6 /* NotoSansKR-Medium.otf */ = {isa = PBXFileReference; lastKnownFileType = file; path = "NotoSansKR-Medium.otf"; sourceTree = "<group>"; };
		3B0ED3A322F0D6B600F9D1F6 /* NotoSansKR-Regular.otf */ = {isa = PBXFileReference; lastKnownFileType = file; path = "NotoSansKR-Regular.otf"; sourceTree = "<group>"; };
		3B373CBC22E9308D00FFAEB2 /* CategoryViewController.swift */ = {isa = PBXFileReference; lastKnownFileType = sourcecode.swift; path = CategoryViewController.swift; sourceTree = "<group>"; };
		3B373CBF22E9332800FFAEB2 /* CategoryVO.swift */ = {isa = PBXFileReference; lastKnownFileType = sourcecode.swift; path = CategoryVO.swift; sourceTree = "<group>"; };
		3B373CC122E9338000FFAEB2 /* ItemVO.swift */ = {isa = PBXFileReference; lastKnownFileType = sourcecode.swift; path = ItemVO.swift; sourceTree = "<group>"; };
		3B373CC722E9353700FFAEB2 /* UITableView+Extension.swift */ = {isa = PBXFileReference; lastKnownFileType = sourcecode.swift; path = "UITableView+Extension.swift"; sourceTree = "<group>"; };
		3B373CC922E9355400FFAEB2 /* UICollectionView+Extension.swift */ = {isa = PBXFileReference; lastKnownFileType = sourcecode.swift; path = "UICollectionView+Extension.swift"; sourceTree = "<group>"; };
		3B373CCB22E935B100FFAEB2 /* CategoryCollectionViewCell.swift */ = {isa = PBXFileReference; lastKnownFileType = sourcecode.swift; path = CategoryCollectionViewCell.swift; sourceTree = "<group>"; };
		3B373CD122E98E4F00FFAEB2 /* AlertUsable.swift */ = {isa = PBXFileReference; lastKnownFileType = sourcecode.swift; path = AlertUsable.swift; sourceTree = "<group>"; };
		3B373CD322E9945100FFAEB2 /* UIPresentable.swift */ = {isa = PBXFileReference; lastKnownFileType = sourcecode.swift; path = UIPresentable.swift; sourceTree = "<group>"; };
		3B373CD522E99F8E00FFAEB2 /* ItemViewController.swift */ = {isa = PBXFileReference; lastKnownFileType = sourcecode.swift; path = ItemViewController.swift; sourceTree = "<group>"; };
		3B373CDA22E9AB1B00FFAEB2 /* ItemTableViewCell.swift */ = {isa = PBXFileReference; lastKnownFileType = sourcecode.swift; path = ItemTableViewCell.swift; sourceTree = "<group>"; };
		3B373CDC22E9AB3000FFAEB2 /* ItemCollectionViewCell.swift */ = {isa = PBXFileReference; lastKnownFileType = sourcecode.swift; path = ItemCollectionViewCell.swift; sourceTree = "<group>"; };
		3B373CDE22E9B10B00FFAEB2 /* UIView+Extension.swift */ = {isa = PBXFileReference; lastKnownFileType = sourcecode.swift; path = "UIView+Extension.swift"; sourceTree = "<group>"; };
		3B6CB90323030295004D7949 /* KeyboardObserving.swift */ = {isa = PBXFileReference; lastKnownFileType = sourcecode.swift; path = KeyboardObserving.swift; sourceTree = "<group>"; };
		3B6CB90923030309004D7949 /* Notification+Extension.swift */ = {isa = PBXFileReference; lastKnownFileType = sourcecode.swift; path = "Notification+Extension.swift"; sourceTree = "<group>"; };
		3B775C7B22E7005A00926A8C /* KoreanGuardians.app */ = {isa = PBXFileReference; explicitFileType = wrapper.application; includeInIndex = 0; path = KoreanGuardians.app; sourceTree = BUILT_PRODUCTS_DIR; };
		3B775C7E22E7005A00926A8C /* AppDelegate.swift */ = {isa = PBXFileReference; lastKnownFileType = sourcecode.swift; path = AppDelegate.swift; sourceTree = "<group>"; };
		3B775C8322E7005A00926A8C /* Base */ = {isa = PBXFileReference; lastKnownFileType = file.storyboard; name = Base; path = Base.lproj/Main.storyboard; sourceTree = "<group>"; };
		3B775C8522E7005B00926A8C /* Assets.xcassets */ = {isa = PBXFileReference; lastKnownFileType = folder.assetcatalog; path = Assets.xcassets; sourceTree = "<group>"; };
		3B775C8822E7005B00926A8C /* Base */ = {isa = PBXFileReference; lastKnownFileType = file.storyboard; name = Base; path = Base.lproj/LaunchScreen.storyboard; sourceTree = "<group>"; };
		3B775C8A22E7005B00926A8C /* Info.plist */ = {isa = PBXFileReference; lastKnownFileType = text.plist.xml; path = Info.plist; sourceTree = "<group>"; };
		3B775C9222E71BD300926A8C /* ko */ = {isa = PBXFileReference; lastKnownFileType = text.plist.strings; name = ko; path = ko.lproj/Main.strings; sourceTree = "<group>"; };
		3B775C9322E71BD300926A8C /* ko */ = {isa = PBXFileReference; lastKnownFileType = text.plist.strings; name = ko; path = ko.lproj/LaunchScreen.strings; sourceTree = "<group>"; };
		3B775C9722E71CD700926A8C /* en */ = {isa = PBXFileReference; lastKnownFileType = text.plist.strings; name = en; path = en.lproj/InfoPlist.strings; sourceTree = "<group>"; };
		3B775C9922E71CE500926A8C /* ko */ = {isa = PBXFileReference; lastKnownFileType = text.plist.strings; name = ko; path = ko.lproj/InfoPlist.strings; sourceTree = "<group>"; };
		3B775C9B22E71E1B00926A8C /* en */ = {isa = PBXFileReference; lastKnownFileType = text.plist.strings; name = en; path = en.lproj/Main.strings; sourceTree = "<group>"; };
		3B775C9D22E71E2900926A8C /* en */ = {isa = PBXFileReference; lastKnownFileType = text.plist.strings; name = en; path = en.lproj/LaunchScreen.strings; sourceTree = "<group>"; };
		3B775C9F22E728AD00926A8C /* .swiftlint.yml */ = {isa = PBXFileReference; lastKnownFileType = text; path = .swiftlint.yml; sourceTree = "<group>"; };
		3B775CA222E72BD400926A8C /* LaunchScreenViewController.swift */ = {isa = PBXFileReference; lastKnownFileType = sourcecode.swift; path = LaunchScreenViewController.swift; sourceTree = "<group>"; };
		3B775D1A22E7334300926A8C /* NibLoadable.swift */ = {isa = PBXFileReference; lastKnownFileType = sourcecode.swift; path = NibLoadable.swift; sourceTree = "<group>"; };
		3B775D1C22E733D300926A8C /* UIStoryboard+Extension.swift */ = {isa = PBXFileReference; lastKnownFileType = sourcecode.swift; path = "UIStoryboard+Extension.swift"; sourceTree = "<group>"; };
		3BA6817122EB5D88000166F0 /* DefaultVO.swift */ = {isa = PBXFileReference; lastKnownFileType = sourcecode.swift; path = DefaultVO.swift; sourceTree = "<group>"; };
		3BE6EFBB22FCEE9F007C46BF /* ItemDetailViewController.swift */ = {isa = PBXFileReference; lastKnownFileType = sourcecode.swift; path = ItemDetailViewController.swift; sourceTree = "<group>"; };
		3BE6EFBD22FCF1E1007C46BF /* NotoSansKR-Bold.otf */ = {isa = PBXFileReference; lastKnownFileType = file; path = "NotoSansKR-Bold.otf"; sourceTree = "<group>"; };
		3BE6EFC122FCF454007C46BF /* ItemDetailTableViewCell.swift */ = {isa = PBXFileReference; lastKnownFileType = sourcecode.swift; path = ItemDetailTableViewCell.swift; sourceTree = "<group>"; };
		61F22E99684CE10F9897995B /* Pods_KoreanGuardians.framework */ = {isa = PBXFileReference; explicitFileType = wrapper.framework; includeInIndex = 0; path = Pods_KoreanGuardians.framework; sourceTree = BUILT_PRODUCTS_DIR; };
		ACF5BDAFFB64351D4DB9FE87 /* Pods-KoreanGuardians.release.xcconfig */ = {isa = PBXFileReference; includeInIndex = 1; lastKnownFileType = text.xcconfig; name = "Pods-KoreanGuardians.release.xcconfig"; path = "Target Support Files/Pods-KoreanGuardians/Pods-KoreanGuardians.release.xcconfig"; sourceTree = "<group>"; };
		B8F63A4222EA22CB0063B1E0 /* CategoryLayout.swift */ = {isa = PBXFileReference; lastKnownFileType = sourcecode.swift; path = CategoryLayout.swift; sourceTree = "<group>"; };
		B8F63A4622EA3C250063B1E0 /* Data+Extension.swift */ = {isa = PBXFileReference; lastKnownFileType = sourcecode.swift; path = "Data+Extension.swift"; sourceTree = "<group>"; };
		B8F63A4822EA3C2E0063B1E0 /* String+Extension.swift */ = {isa = PBXFileReference; lastKnownFileType = sourcecode.swift; path = "String+Extension.swift"; sourceTree = "<group>"; };
		B8F63A4A22EA48EF0063B1E0 /* Networkable.swift */ = {isa = PBXFileReference; lastKnownFileType = sourcecode.swift; path = Networkable.swift; sourceTree = "<group>"; };
		B8F63A4C22EA49060063B1E0 /* NetworkManager.swift */ = {isa = PBXFileReference; lastKnownFileType = sourcecode.swift; path = NetworkManager.swift; sourceTree = "<group>"; };
		B8F63A4E22EA49250063B1E0 /* NetworkResult.swift */ = {isa = PBXFileReference; lastKnownFileType = sourcecode.swift; path = NetworkResult.swift; sourceTree = "<group>"; };
		B8F63A5022EA499B0063B1E0 /* GuardiansAPI.swift */ = {isa = PBXFileReference; lastKnownFileType = sourcecode.swift; path = GuardiansAPI.swift; sourceTree = "<group>"; };
		B8F63A5522EA615B0063B1E0 /* MailUsable.swift */ = {isa = PBXFileReference; lastKnownFileType = sourcecode.swift; path = MailUsable.swift; sourceTree = "<group>"; };
		D743E7E04FF043F86DF98F51 /* Pods-KoreanGuardians.debug.xcconfig */ = {isa = PBXFileReference; includeInIndex = 1; lastKnownFileType = text.xcconfig; name = "Pods-KoreanGuardians.debug.xcconfig"; path = "Target Support Files/Pods-KoreanGuardians/Pods-KoreanGuardians.debug.xcconfig"; sourceTree = "<group>"; };
/* End PBXFileReference section */

/* Begin PBXFrameworksBuildPhase section */
		3B775C7822E7005A00926A8C /* Frameworks */ = {
			isa = PBXFrameworksBuildPhase;
			buildActionMask = 2147483647;
			files = (
				8EF8D4FAC6E4F5475F1CD12C /* Pods_KoreanGuardians.framework in Frameworks */,
			);
			runOnlyForDeploymentPostprocessing = 0;
		};
/* End PBXFrameworksBuildPhase section */

/* Begin PBXGroup section */
		3B373CBE22E9330F00FFAEB2 /* Model */ = {
			isa = PBXGroup;
			children = (
				3B373CBF22E9332800FFAEB2 /* CategoryVO.swift */,
				3B373CC122E9338000FFAEB2 /* ItemVO.swift */,
				3BA6817122EB5D88000166F0 /* DefaultVO.swift */,
			);
			path = Model;
			sourceTree = "<group>";
		};
		3B373CD722E99F9100FFAEB2 /* Item */ = {
			isa = PBXGroup;
			children = (
				3B373CD522E99F8E00FFAEB2 /* ItemViewController.swift */,
				3B373CDC22E9AB3000FFAEB2 /* ItemCollectionViewCell.swift */,
				3B373CDA22E9AB1B00FFAEB2 /* ItemTableViewCell.swift */,
			);
			path = Item;
			sourceTree = "<group>";
		};
		3B373CD822E99F9200FFAEB2 /* Category */ = {
			isa = PBXGroup;
			children = (
				3B373CBC22E9308D00FFAEB2 /* CategoryViewController.swift */,
				3B373CCB22E935B100FFAEB2 /* CategoryCollectionViewCell.swift */,
			);
			path = Category;
			sourceTree = "<group>";
		};
		3B373CD922E99F9400FFAEB2 /* LaunchScreen */ = {
			isa = PBXGroup;
			children = (
				3B775CA222E72BD400926A8C /* LaunchScreenViewController.swift */,
			);
			path = LaunchScreen;
			sourceTree = "<group>";
		};
		3B775C7222E7005A00926A8C = {
			isa = PBXGroup;
			children = (
				3B775C9F22E728AD00926A8C /* .swiftlint.yml */,
				3B0ED39F22EB683E00F9D1F6 /* pealluck.gif */,
				3B0ED3A122F0D6B600F9D1F6 /* NotoSansKR-Light.otf */,
				3BE6EFBD22FCF1E1007C46BF /* NotoSansKR-Bold.otf */,
				3B0ED3A222F0D6B600F9D1F6 /* NotoSansKR-Medium.otf */,
				3B0ED3A322F0D6B600F9D1F6 /* NotoSansKR-Regular.otf */,
				3B775C7D22E7005A00926A8C /* KoreanGuardians */,
				3B775C7C22E7005A00926A8C /* Products */,
				7DF62C6EE5E77B61A082ACED /* Frameworks */,
				E8BF6D8E191567E5DEC0E7FA /* Pods */,
			);
			sourceTree = "<group>";
		};
		3B775C7C22E7005A00926A8C /* Products */ = {
			isa = PBXGroup;
			children = (
				3B775C7B22E7005A00926A8C /* KoreanGuardians.app */,
			);
			name = Products;
			sourceTree = "<group>";
		};
		3B775C7D22E7005A00926A8C /* KoreanGuardians */ = {
			isa = PBXGroup;
			children = (
				3B775D1922E7333400926A8C /* Common */,
				3B775D1E22E7342300926A8C /* Extensions */,
				3B373CBE22E9330F00FFAEB2 /* Model */,
				B8F63A4122EA229A0063B1E0 /* Layout */,
				3B775D1F22E7351300926A8C /* ViewController */,
				3B775C7E22E7005A00926A8C /* AppDelegate.swift */,
				3B775C8222E7005A00926A8C /* Main.storyboard */,
				3B775C8522E7005B00926A8C /* Assets.xcassets */,
				3B775C8722E7005B00926A8C /* LaunchScreen.storyboard */,
				3B775C8A22E7005B00926A8C /* Info.plist */,
				3B775C9822E71CD700926A8C /* InfoPlist.strings */,
				B8F63A4A22EA48EF0063B1E0 /* Networkable.swift */,
				B8F63A4C22EA49060063B1E0 /* NetworkManager.swift */,
				B8F63A4E22EA49250063B1E0 /* NetworkResult.swift */,
				B8F63A5022EA499B0063B1E0 /* GuardiansAPI.swift */,
			);
			path = KoreanGuardians;
			sourceTree = "<group>";
		};
		3B775D1922E7333400926A8C /* Common */ = {
			isa = PBXGroup;
			children = (
				3B775D1A22E7334300926A8C /* NibLoadable.swift */,
				3B373CD322E9945100FFAEB2 /* UIPresentable.swift */,
				3B373CD122E98E4F00FFAEB2 /* AlertUsable.swift */,
				B8F63A5522EA615B0063B1E0 /* MailUsable.swift */,
				3B6CB90323030295004D7949 /* KeyboardObserving.swift */,
			);
			path = Common;
			sourceTree = "<group>";
		};
		3B775D1E22E7342300926A8C /* Extensions */ = {
			isa = PBXGroup;
			children = (
				3B775D1C22E733D300926A8C /* UIStoryboard+Extension.swift */,
				3B373CC722E9353700FFAEB2 /* UITableView+Extension.swift */,
				3B373CC922E9355400FFAEB2 /* UICollectionView+Extension.swift */,
				3B373CDE22E9B10B00FFAEB2 /* UIView+Extension.swift */,
				B8F63A4622EA3C250063B1E0 /* Data+Extension.swift */,
				B8F63A4822EA3C2E0063B1E0 /* String+Extension.swift */,
				3B6CB90923030309004D7949 /* Notification+Extension.swift */,
			);
			path = Extensions;
			sourceTree = "<group>";
		};
		3B775D1F22E7351300926A8C /* ViewController */ = {
			isa = PBXGroup;
			children = (
				3B373CD922E99F9400FFAEB2 /* LaunchScreen */,
				3B373CD822E99F9200FFAEB2 /* Category */,
				3B373CD722E99F9100FFAEB2 /* Item */,
				3BE6EFBA22FCEE8A007C46BF /* ItemDetail */,
			);
			path = ViewController;
			sourceTree = "<group>";
		};
		3BE6EFBA22FCEE8A007C46BF /* ItemDetail */ = {
			isa = PBXGroup;
			children = (
				3BE6EFBB22FCEE9F007C46BF /* ItemDetailViewController.swift */,
				3BE6EFC122FCF454007C46BF /* ItemDetailTableViewCell.swift */,
			);
			path = ItemDetail;
			sourceTree = "<group>";
		};
		7DF62C6EE5E77B61A082ACED /* Frameworks */ = {
			isa = PBXGroup;
			children = (
				61F22E99684CE10F9897995B /* Pods_KoreanGuardians.framework */,
			);
			name = Frameworks;
			sourceTree = "<group>";
		};
		B8F63A4122EA229A0063B1E0 /* Layout */ = {
			isa = PBXGroup;
			children = (
				B8F63A4222EA22CB0063B1E0 /* CategoryLayout.swift */,
			);
			path = Layout;
			sourceTree = "<group>";
		};
		E8BF6D8E191567E5DEC0E7FA /* Pods */ = {
			isa = PBXGroup;
			children = (
				D743E7E04FF043F86DF98F51 /* Pods-KoreanGuardians.debug.xcconfig */,
				ACF5BDAFFB64351D4DB9FE87 /* Pods-KoreanGuardians.release.xcconfig */,
			);
			path = Pods;
			sourceTree = "<group>";
		};
/* End PBXGroup section */

/* Begin PBXNativeTarget section */
		3B775C7A22E7005A00926A8C /* KoreanGuardians */ = {
			isa = PBXNativeTarget;
			buildConfigurationList = 3B775C8D22E7005B00926A8C /* Build configuration list for PBXNativeTarget "KoreanGuardians" */;
			buildPhases = (
				415E39B7D3B555C540AFFF3E /* [CP] Check Pods Manifest.lock */,
				3B775C7722E7005A00926A8C /* Sources */,
				3B775C7822E7005A00926A8C /* Frameworks */,
				3B775C7922E7005A00926A8C /* Resources */,
				3B775C9E22E7284700926A8C /* ShellScript */,
				9BB3B2690D566261E7A46BC9 /* [CP] Embed Pods Frameworks */,
			);
			buildRules = (
			);
			dependencies = (
			);
			name = KoreanGuardians;
			productName = KoreanGuardians;
			productReference = 3B775C7B22E7005A00926A8C /* KoreanGuardians.app */;
			productType = "com.apple.product-type.application";
		};
/* End PBXNativeTarget section */

/* Begin PBXProject section */
		3B775C7322E7005A00926A8C /* Project object */ = {
			isa = PBXProject;
			attributes = {
				LastSwiftUpdateCheck = 1020;
				LastUpgradeCheck = 1020;
				ORGANIZATIONNAME = "강수진";
				TargetAttributes = {
					3B775C7A22E7005A00926A8C = {
						CreatedOnToolsVersion = 10.2.1;
					};
				};
			};
			buildConfigurationList = 3B775C7622E7005A00926A8C /* Build configuration list for PBXProject "KoreanGuardians" */;
			compatibilityVersion = "Xcode 9.3";
			developmentRegion = en;
			hasScannedForEncodings = 0;
			knownRegions = (
				en,
				Base,
				ko,
			);
			mainGroup = 3B775C7222E7005A00926A8C;
			productRefGroup = 3B775C7C22E7005A00926A8C /* Products */;
			projectDirPath = "";
			projectRoot = "";
			targets = (
				3B775C7A22E7005A00926A8C /* KoreanGuardians */,
			);
		};
/* End PBXProject section */

/* Begin PBXResourcesBuildPhase section */
		3B775C7922E7005A00926A8C /* Resources */ = {
			isa = PBXResourcesBuildPhase;
			buildActionMask = 2147483647;
			files = (
				3B0ED3A622F0D6B700F9D1F6 /* NotoSansKR-Regular.otf in Resources */,
				3B775CA022E728AD00926A8C /* .swiftlint.yml in Resources */,
				3B775C8922E7005B00926A8C /* LaunchScreen.storyboard in Resources */,
				3B0ED3A522F0D6B700F9D1F6 /* NotoSansKR-Medium.otf in Resources */,
				3BE6EFBE22FCF1E2007C46BF /* NotoSansKR-Bold.otf in Resources */,
				3B775C9622E71CD700926A8C /* InfoPlist.strings in Resources */,
				3B775C8622E7005B00926A8C /* Assets.xcassets in Resources */,
				3B0ED3A022EB683E00F9D1F6 /* pealluck.gif in Resources */,
				3B0ED3A422F0D6B700F9D1F6 /* NotoSansKR-Light.otf in Resources */,
				3B775C8422E7005A00926A8C /* Main.storyboard in Resources */,
			);
			runOnlyForDeploymentPostprocessing = 0;
		};
/* End PBXResourcesBuildPhase section */

/* Begin PBXShellScriptBuildPhase section */
		3B775C9E22E7284700926A8C /* ShellScript */ = {
			isa = PBXShellScriptBuildPhase;
			buildActionMask = 2147483647;
			files = (
			);
			inputFileListPaths = (
			);
			inputPaths = (
			);
			outputFileListPaths = (
			);
			outputPaths = (
			);
			runOnlyForDeploymentPostprocessing = 0;
			shellPath = /bin/sh;
			shellScript = "# Type a script or drag a script file from your workspace to insert its path.\n${PODS_ROOT}/SwiftLint/swiftlint\n";
		};
		415E39B7D3B555C540AFFF3E /* [CP] Check Pods Manifest.lock */ = {
			isa = PBXShellScriptBuildPhase;
			buildActionMask = 2147483647;
			files = (
			);
			inputFileListPaths = (
			);
			inputPaths = (
				"${PODS_PODFILE_DIR_PATH}/Podfile.lock",
				"${PODS_ROOT}/Manifest.lock",
			);
			name = "[CP] Check Pods Manifest.lock";
			outputFileListPaths = (
			);
			outputPaths = (
				"$(DERIVED_FILE_DIR)/Pods-KoreanGuardians-checkManifestLockResult.txt",
			);
			runOnlyForDeploymentPostprocessing = 0;
			shellPath = /bin/sh;
			shellScript = "diff \"${PODS_PODFILE_DIR_PATH}/Podfile.lock\" \"${PODS_ROOT}/Manifest.lock\" > /dev/null\nif [ $? != 0 ] ; then\n    # print error to STDERR\n    echo \"error: The sandbox is not in sync with the Podfile.lock. Run 'pod install' or update your CocoaPods installation.\" >&2\n    exit 1\nfi\n# This output is used by Xcode 'outputs' to avoid re-running this script phase.\necho \"SUCCESS\" > \"${SCRIPT_OUTPUT_FILE_0}\"\n";
			showEnvVarsInLog = 0;
		};
		9BB3B2690D566261E7A46BC9 /* [CP] Embed Pods Frameworks */ = {
			isa = PBXShellScriptBuildPhase;
			buildActionMask = 2147483647;
			files = (
			);
			inputFileListPaths = (
				"${PODS_ROOT}/Target Support Files/Pods-KoreanGuardians/Pods-KoreanGuardians-frameworks-${CONFIGURATION}-input-files.xcfilelist",
			);
			name = "[CP] Embed Pods Frameworks";
			outputFileListPaths = (
				"${PODS_ROOT}/Target Support Files/Pods-KoreanGuardians/Pods-KoreanGuardians-frameworks-${CONFIGURATION}-output-files.xcfilelist",
			);
			runOnlyForDeploymentPostprocessing = 0;
			shellPath = /bin/sh;
			shellScript = "\"${PODS_ROOT}/Target Support Files/Pods-KoreanGuardians/Pods-KoreanGuardians-frameworks.sh\"\n";
			showEnvVarsInLog = 0;
		};
/* End PBXShellScriptBuildPhase section */

/* Begin PBXSourcesBuildPhase section */
		3B775C7722E7005A00926A8C /* Sources */ = {
			isa = PBXSourcesBuildPhase;
			buildActionMask = 2147483647;
			files = (
				3B6CB90A23030309004D7949 /* Notification+Extension.swift in Sources */,
				B8F63A4D22EA49060063B1E0 /* NetworkManager.swift in Sources */,
				B8F63A4322EA22CB0063B1E0 /* CategoryLayout.swift in Sources */,
				B8F63A4922EA3C2E0063B1E0 /* String+Extension.swift in Sources */,
				3B373CD222E98E4F00FFAEB2 /* AlertUsable.swift in Sources */,
				3B373CD422E9945100FFAEB2 /* UIPresentable.swift in Sources */,
				3B6CB90423030295004D7949 /* KeyboardObserving.swift in Sources */,
				3B373CD622E99F8E00FFAEB2 /* ItemViewController.swift in Sources */,
				3B373CC822E9353700FFAEB2 /* UITableView+Extension.swift in Sources */,
				3B373CDB22E9AB1B00FFAEB2 /* ItemTableViewCell.swift in Sources */,
				B8F63A5122EA499B0063B1E0 /* GuardiansAPI.swift in Sources */,
				3B373CCA22E9355400FFAEB2 /* UICollectionView+Extension.swift in Sources */,
				3BE6EFBC22FCEE9F007C46BF /* ItemDetailViewController.swift in Sources */,
				3B373CDD22E9AB3000FFAEB2 /* ItemCollectionViewCell.swift in Sources */,
				3B775D1B22E7334300926A8C /* NibLoadable.swift in Sources */,
				3BA6817222EB5D88000166F0 /* DefaultVO.swift in Sources */,
				3B775CA322E72BD400926A8C /* LaunchScreenViewController.swift in Sources */,
				3B373CC222E9338000FFAEB2 /* ItemVO.swift in Sources */,
				3B775C7F22E7005A00926A8C /* AppDelegate.swift in Sources */,
				B8F63A4F22EA49250063B1E0 /* NetworkResult.swift in Sources */,
				3B373CDF22E9B10B00FFAEB2 /* UIView+Extension.swift in Sources */,
				3BE6EFC222FCF454007C46BF /* ItemDetailTableViewCell.swift in Sources */,
				B8F63A5622EA615B0063B1E0 /* MailUsable.swift in Sources */,
				3B373CBD22E9308D00FFAEB2 /* CategoryViewController.swift in Sources */,
				3B373CCC22E935B100FFAEB2 /* CategoryCollectionViewCell.swift in Sources */,
				B8F63A4B22EA48EF0063B1E0 /* Networkable.swift in Sources */,
				B8F63A4722EA3C250063B1E0 /* Data+Extension.swift in Sources */,
				3B775D1D22E733D300926A8C /* UIStoryboard+Extension.swift in Sources */,
				3B373CC022E9332800FFAEB2 /* CategoryVO.swift in Sources */,
			);
			runOnlyForDeploymentPostprocessing = 0;
		};
/* End PBXSourcesBuildPhase section */

/* Begin PBXVariantGroup section */
		3B775C8222E7005A00926A8C /* Main.storyboard */ = {
			isa = PBXVariantGroup;
			children = (
				3B775C8322E7005A00926A8C /* Base */,
				3B775C9222E71BD300926A8C /* ko */,
				3B775C9B22E71E1B00926A8C /* en */,
			);
			name = Main.storyboard;
			sourceTree = "<group>";
		};
		3B775C8722E7005B00926A8C /* LaunchScreen.storyboard */ = {
			isa = PBXVariantGroup;
			children = (
				3B775C8822E7005B00926A8C /* Base */,
				3B775C9322E71BD300926A8C /* ko */,
				3B775C9D22E71E2900926A8C /* en */,
			);
			name = LaunchScreen.storyboard;
			sourceTree = "<group>";
		};
		3B775C9822E71CD700926A8C /* InfoPlist.strings */ = {
			isa = PBXVariantGroup;
			children = (
				3B775C9722E71CD700926A8C /* en */,
				3B775C9922E71CE500926A8C /* ko */,
			);
			name = InfoPlist.strings;
			sourceTree = "<group>";
		};
/* End PBXVariantGroup section */

/* Begin XCBuildConfiguration section */
		3B775C8B22E7005B00926A8C /* Debug */ = {
			isa = XCBuildConfiguration;
			buildSettings = {
				ALWAYS_SEARCH_USER_PATHS = NO;
				CLANG_ANALYZER_LOCALIZABILITY_NONLOCALIZED = YES;
				CLANG_ANALYZER_NONNULL = YES;
				CLANG_ANALYZER_NUMBER_OBJECT_CONVERSION = YES_AGGRESSIVE;
				CLANG_CXX_LANGUAGE_STANDARD = "gnu++14";
				CLANG_CXX_LIBRARY = "libc++";
				CLANG_ENABLE_MODULES = YES;
				CLANG_ENABLE_OBJC_ARC = YES;
				CLANG_ENABLE_OBJC_WEAK = YES;
				CLANG_WARN_BLOCK_CAPTURE_AUTORELEASING = YES;
				CLANG_WARN_BOOL_CONVERSION = YES;
				CLANG_WARN_COMMA = YES;
				CLANG_WARN_CONSTANT_CONVERSION = YES;
				CLANG_WARN_DEPRECATED_OBJC_IMPLEMENTATIONS = YES;
				CLANG_WARN_DIRECT_OBJC_ISA_USAGE = YES_ERROR;
				CLANG_WARN_DOCUMENTATION_COMMENTS = YES;
				CLANG_WARN_EMPTY_BODY = YES;
				CLANG_WARN_ENUM_CONVERSION = YES;
				CLANG_WARN_INFINITE_RECURSION = YES;
				CLANG_WARN_INT_CONVERSION = YES;
				CLANG_WARN_NON_LITERAL_NULL_CONVERSION = YES;
				CLANG_WARN_OBJC_IMPLICIT_RETAIN_SELF = YES;
				CLANG_WARN_OBJC_LITERAL_CONVERSION = YES;
				CLANG_WARN_OBJC_ROOT_CLASS = YES_ERROR;
				CLANG_WARN_RANGE_LOOP_ANALYSIS = YES;
				CLANG_WARN_STRICT_PROTOTYPES = YES;
				CLANG_WARN_SUSPICIOUS_MOVE = YES;
				CLANG_WARN_UNGUARDED_AVAILABILITY = YES_AGGRESSIVE;
				CLANG_WARN_UNREACHABLE_CODE = YES;
				CLANG_WARN__DUPLICATE_METHOD_MATCH = YES;
				CODE_SIGN_IDENTITY = "iPhone Developer";
				COPY_PHASE_STRIP = NO;
				DEBUG_INFORMATION_FORMAT = dwarf;
				ENABLE_STRICT_OBJC_MSGSEND = YES;
				ENABLE_TESTABILITY = YES;
				GCC_C_LANGUAGE_STANDARD = gnu11;
				GCC_DYNAMIC_NO_PIC = NO;
				GCC_NO_COMMON_BLOCKS = YES;
				GCC_OPTIMIZATION_LEVEL = 0;
				GCC_PREPROCESSOR_DEFINITIONS = (
					"DEBUG=1",
					"$(inherited)",
				);
				GCC_WARN_64_TO_32_BIT_CONVERSION = YES;
				GCC_WARN_ABOUT_RETURN_TYPE = YES_ERROR;
				GCC_WARN_UNDECLARED_SELECTOR = YES;
				GCC_WARN_UNINITIALIZED_AUTOS = YES_AGGRESSIVE;
				GCC_WARN_UNUSED_FUNCTION = YES;
				GCC_WARN_UNUSED_VARIABLE = YES;
				IPHONEOS_DEPLOYMENT_TARGET = 12.2;
				MTL_ENABLE_DEBUG_INFO = INCLUDE_SOURCE;
				MTL_FAST_MATH = YES;
				ONLY_ACTIVE_ARCH = YES;
				SDKROOT = iphoneos;
				SWIFT_ACTIVE_COMPILATION_CONDITIONS = DEBUG;
				SWIFT_OPTIMIZATION_LEVEL = "-Onone";
			};
			name = Debug;
		};
		3B775C8C22E7005B00926A8C /* Release */ = {
			isa = XCBuildConfiguration;
			buildSettings = {
				ALWAYS_SEARCH_USER_PATHS = NO;
				CLANG_ANALYZER_LOCALIZABILITY_NONLOCALIZED = YES;
				CLANG_ANALYZER_NONNULL = YES;
				CLANG_ANALYZER_NUMBER_OBJECT_CONVERSION = YES_AGGRESSIVE;
				CLANG_CXX_LANGUAGE_STANDARD = "gnu++14";
				CLANG_CXX_LIBRARY = "libc++";
				CLANG_ENABLE_MODULES = YES;
				CLANG_ENABLE_OBJC_ARC = YES;
				CLANG_ENABLE_OBJC_WEAK = YES;
				CLANG_WARN_BLOCK_CAPTURE_AUTORELEASING = YES;
				CLANG_WARN_BOOL_CONVERSION = YES;
				CLANG_WARN_COMMA = YES;
				CLANG_WARN_CONSTANT_CONVERSION = YES;
				CLANG_WARN_DEPRECATED_OBJC_IMPLEMENTATIONS = YES;
				CLANG_WARN_DIRECT_OBJC_ISA_USAGE = YES_ERROR;
				CLANG_WARN_DOCUMENTATION_COMMENTS = YES;
				CLANG_WARN_EMPTY_BODY = YES;
				CLANG_WARN_ENUM_CONVERSION = YES;
				CLANG_WARN_INFINITE_RECURSION = YES;
				CLANG_WARN_INT_CONVERSION = YES;
				CLANG_WARN_NON_LITERAL_NULL_CONVERSION = YES;
				CLANG_WARN_OBJC_IMPLICIT_RETAIN_SELF = YES;
				CLANG_WARN_OBJC_LITERAL_CONVERSION = YES;
				CLANG_WARN_OBJC_ROOT_CLASS = YES_ERROR;
				CLANG_WARN_RANGE_LOOP_ANALYSIS = YES;
				CLANG_WARN_STRICT_PROTOTYPES = YES;
				CLANG_WARN_SUSPICIOUS_MOVE = YES;
				CLANG_WARN_UNGUARDED_AVAILABILITY = YES_AGGRESSIVE;
				CLANG_WARN_UNREACHABLE_CODE = YES;
				CLANG_WARN__DUPLICATE_METHOD_MATCH = YES;
				CODE_SIGN_IDENTITY = "iPhone Developer";
				COPY_PHASE_STRIP = NO;
				DEBUG_INFORMATION_FORMAT = "dwarf-with-dsym";
				ENABLE_NS_ASSERTIONS = NO;
				ENABLE_STRICT_OBJC_MSGSEND = YES;
				GCC_C_LANGUAGE_STANDARD = gnu11;
				GCC_NO_COMMON_BLOCKS = YES;
				GCC_WARN_64_TO_32_BIT_CONVERSION = YES;
				GCC_WARN_ABOUT_RETURN_TYPE = YES_ERROR;
				GCC_WARN_UNDECLARED_SELECTOR = YES;
				GCC_WARN_UNINITIALIZED_AUTOS = YES_AGGRESSIVE;
				GCC_WARN_UNUSED_FUNCTION = YES;
				GCC_WARN_UNUSED_VARIABLE = YES;
				IPHONEOS_DEPLOYMENT_TARGET = 12.2;
				MTL_ENABLE_DEBUG_INFO = NO;
				MTL_FAST_MATH = YES;
				SDKROOT = iphoneos;
				SWIFT_COMPILATION_MODE = wholemodule;
				SWIFT_OPTIMIZATION_LEVEL = "-O";
				VALIDATE_PRODUCT = YES;
			};
			name = Release;
		};
		3B775C8E22E7005B00926A8C /* Debug */ = {
			isa = XCBuildConfiguration;
			baseConfigurationReference = D743E7E04FF043F86DF98F51 /* Pods-KoreanGuardians.debug.xcconfig */;
			buildSettings = {
				ASSETCATALOG_COMPILER_APPICON_NAME = AppIcon;
				CODE_SIGN_STYLE = Automatic;
				DEVELOPMENT_TEAM = Y4XABUQ539;
				INFOPLIST_FILE = KoreanGuardians/Info.plist;
				IPHONEOS_DEPLOYMENT_TARGET = 10.0;
				LD_RUNPATH_SEARCH_PATHS = (
					"$(inherited)",
					"@executable_path/Frameworks",
				);
				PRODUCT_BUNDLE_IDENTIFIER = com.sujinnaljin.pealluck;
				PRODUCT_NAME = "$(TARGET_NAME)";
				SWIFT_VERSION = 5.0;
				TARGETED_DEVICE_FAMILY = "1,2";
			};
			name = Debug;
		};
		3B775C8F22E7005B00926A8C /* Release */ = {
			isa = XCBuildConfiguration;
			baseConfigurationReference = ACF5BDAFFB64351D4DB9FE87 /* Pods-KoreanGuardians.release.xcconfig */;
			buildSettings = {
				ASSETCATALOG_COMPILER_APPICON_NAME = AppIcon;
				CODE_SIGN_STYLE = Automatic;
				DEVELOPMENT_TEAM = Y4XABUQ539;
				INFOPLIST_FILE = KoreanGuardians/Info.plist;
				IPHONEOS_DEPLOYMENT_TARGET = 10.0;
				LD_RUNPATH_SEARCH_PATHS = (
					"$(inherited)",
					"@executable_path/Frameworks",
				);
				PRODUCT_BUNDLE_IDENTIFIER = com.sujinnaljin.pealluck;
				PRODUCT_NAME = "$(TARGET_NAME)";
				SWIFT_VERSION = 5.0;
				TARGETED_DEVICE_FAMILY = "1,2";
			};
			name = Release;
		};
/* End XCBuildConfiguration section */

/* Begin XCConfigurationList section */
		3B775C7622E7005A00926A8C /* Build configuration list for PBXProject "KoreanGuardians" */ = {
			isa = XCConfigurationList;
			buildConfigurations = (
				3B775C8B22E7005B00926A8C /* Debug */,
				3B775C8C22E7005B00926A8C /* Release */,
			);
			defaultConfigurationIsVisible = 0;
			defaultConfigurationName = Release;
		};
		3B775C8D22E7005B00926A8C /* Build configuration list for PBXNativeTarget "KoreanGuardians" */ = {
			isa = XCConfigurationList;
			buildConfigurations = (
				3B775C8E22E7005B00926A8C /* Debug */,
				3B775C8F22E7005B00926A8C /* Release */,
			);
			defaultConfigurationIsVisible = 0;
			defaultConfigurationName = Release;
		};
/* End XCConfigurationList section */
	};
	rootObject = 3B775C7322E7005A00926A8C /* Project object */;
}
