// !$*UTF8*$!
{
	archiveVersion = 1;
	classes = {
	};
	objectVersion = 51;
	objects = {

/* Begin PBXBuildFile section */
		3B775C7F22E7005A00926A8C /* AppDelegate.swift in Sources */ = {isa = PBXBuildFile; fileRef = 3B775C7E22E7005A00926A8C /* AppDelegate.swift */; };
		3B775C8122E7005A00926A8C /* ViewController.swift in Sources */ = {isa = PBXBuildFile; fileRef = 3B775C8022E7005A00926A8C /* ViewController.swift */; };
		3B775C8422E7005A00926A8C /* Main.storyboard in Resources */ = {isa = PBXBuildFile; fileRef = 3B775C8222E7005A00926A8C /* Main.storyboard */; };
		3B775C8622E7005B00926A8C /* Assets.xcassets in Resources */ = {isa = PBXBuildFile; fileRef = 3B775C8522E7005B00926A8C /* Assets.xcassets */; };
		3B775C8922E7005B00926A8C /* LaunchScreen.storyboard in Resources */ = {isa = PBXBuildFile; fileRef = 3B775C8722E7005B00926A8C /* LaunchScreen.storyboard */; };
		3B775C9622E71CD700926A8C /* InfoPlist.strings in Resources */ = {isa = PBXBuildFile; fileRef = 3B775C9822E71CD700926A8C /* InfoPlist.strings */; };
		3B775CA022E728AD00926A8C /* .swiftlint.yml in Resources */ = {isa = PBXBuildFile; fileRef = 3B775C9F22E728AD00926A8C /* .swiftlint.yml */; };
		8EF8D4FAC6E4F5475F1CD12C /* Pods_KoreanGuardians.framework in Frameworks */ = {isa = PBXBuildFile; fileRef = 61F22E99684CE10F9897995B /* Pods_KoreanGuardians.framework */; };
/* End PBXBuildFile section */

/* Begin PBXFileReference section */
		3B775C7B22E7005A00926A8C /* KoreanGuardians.app */ = {isa = PBXFileReference; explicitFileType = wrapper.application; includeInIndex = 0; path = KoreanGuardians.app; sourceTree = BUILT_PRODUCTS_DIR; };
		3B775C7E22E7005A00926A8C /* AppDelegate.swift */ = {isa = PBXFileReference; lastKnownFileType = sourcecode.swift; path = AppDelegate.swift; sourceTree = "<group>"; };
		3B775C8022E7005A00926A8C /* ViewController.swift */ = {isa = PBXFileReference; lastKnownFileType = sourcecode.swift; path = ViewController.swift; sourceTree = "<group>"; };
		3B775C8322E7005A00926A8C /* Base */ = {isa = PBXFileReference; lastKnownFileType = file.storyboard; name = Base; path = Base.lproj/Main.storyboard; sourceTree = "<group>"; };
		3B775C8522E7005B00926A8C /* Assets.xcassets */ = {isa = PBXFileReference; lastKnownFileType = folder.assetcatalog; path = Assets.xcassets; sourceTree = "<group>"; };
		3B775C8822E7005B00926A8C /* Base */ = {isa = PBXFileReference; lastKnownFileType = file.storyboard; name = Base; path = Base.lproj/LaunchScreen.storyboard; sourceTree = "<group>"; };
		3B775C8A22E7005B00926A8C /* Info.plist */ = {isa = PBXFileReference; lastKnownFileType = text.plist.xml; path = Info.plist; sourceTree = "<group>"; };
		3B775C9222E71BD300926A8C /* ko */ = {isa = PBXFileReference; lastKnownFileType = text.plist.strings; name = ko; path = ko.lproj/Main.strings; sourceTree = "<group>"; };
		3B775C9322E71BD300926A8C /* ko */ = {isa = PBXFileReference; lastKnownFileType = text.plist.strings; name = ko; path = ko.lproj/LaunchScreen.strings; sourceTree = "<group>"; };
		3B775C9722E71CD700926A8C /* en */ = {isa = PBXFileReference; lastKnownFileType = text.plist.strings; name = en; path = en.lproj/InfoPlist.strings; sourceTree = "<group>"; };
		3B775C9922E71CE500926A8C /* ko */ = {isa = PBXFileReference; lastKnownFileType = text.plist.strings; name = ko; path = ko.lproj/InfoPlist.strings; sourceTree = "<group>"; };
		3B775C9B22E71E1B00926A8C /* en */ = {isa = PBXFileReference; lastKnownFileType = text.plist.strings; name = en; path = en.lproj/Main.strings; sourceTree = "<group>"; };
		3B775C9D22E71E2900926A8C /* en */ = {isa = PBXFileReference; lastKnownFileType = text.plist.strings; name = en; path = en.lproj/LaunchScreen.strings; sourceTree = "<group>"; };
		3B775C9F22E728AD00926A8C /* .swiftlint.yml */ = {isa = PBXFileReference; lastKnownFileType = text; path = .swiftlint.yml; sourceTree = "<group>"; };
		516998FE6C7AFF5647139456 /* Pods-KoreanGuardians.debug.xcconfig */ = {isa = PBXFileReference; includeInIndex = 1; lastKnownFileType = text.xcconfig; name = "Pods-KoreanGuardians.debug.xcconfig"; path = "Target Support Files/Pods-KoreanGuardians/Pods-KoreanGuardians.debug.xcconfig"; sourceTree = "<group>"; };
		61F22E99684CE10F9897995B /* Pods_KoreanGuardians.framework */ = {isa = PBXFileReference; explicitFileType = wrapper.framework; includeInIndex = 0; path = Pods_KoreanGuardians.framework; sourceTree = BUILT_PRODUCTS_DIR; };
		ACAD95F1770CF750DE49012B /* Pods-KoreanGuardians.release.xcconfig */ = {isa = PBXFileReference; includeInIndex = 1; lastKnownFileType = text.xcconfig; name = "Pods-KoreanGuardians.release.xcconfig"; path = "Target Support Files/Pods-KoreanGuardians/Pods-KoreanGuardians.release.xcconfig"; sourceTree = "<group>"; };
/* End PBXFileReference section */

/* Begin PBXFrameworksBuildPhase section */
		3B775C7822E7005A00926A8C /* Frameworks */ = {
			isa = PBXFrameworksBuildPhase;
			buildActionMask = 2147483647;
			files = (
				8EF8D4FAC6E4F5475F1CD12C /* Pods_KoreanGuardians.framework in Frameworks */,
			);
			runOnlyForDeploymentPostprocessing = 0;
		};
/* End PBXFrameworksBuildPhase section */

/* Begin PBXGroup section */
		3B775C7222E7005A00926A8C = {
			isa = PBXGroup;
			children = (
				3B775C9F22E728AD00926A8C /* .swiftlint.yml */,
				3B775C7D22E7005A00926A8C /* KoreanGuardians */,
				3B775C7C22E7005A00926A8C /* Products */,
				BC2578FD2E596D5203C462E9 /* Pods */,
				7DF62C6EE5E77B61A082ACED /* Frameworks */,
			);
			sourceTree = "<group>";
		};
		3B775C7C22E7005A00926A8C /* Products */ = {
			isa = PBXGroup;
			children = (
				3B775C7B22E7005A00926A8C /* KoreanGuardians.app */,
			);
			name = Products;
			sourceTree = "<group>";
		};
		3B775C7D22E7005A00926A8C /* KoreanGuardians */ = {
			isa = PBXGroup;
			children = (
				3B775C7E22E7005A00926A8C /* AppDelegate.swift */,
				3B775C8022E7005A00926A8C /* ViewController.swift */,
				3B775C8222E7005A00926A8C /* Main.storyboard */,
				3B775C8522E7005B00926A8C /* Assets.xcassets */,
				3B775C8722E7005B00926A8C /* LaunchScreen.storyboard */,
				3B775C8A22E7005B00926A8C /* Info.plist */,
				3B775C9822E71CD700926A8C /* InfoPlist.strings */,
			);
			path = KoreanGuardians;
			sourceTree = "<group>";
		};
		7DF62C6EE5E77B61A082ACED /* Frameworks */ = {
			isa = PBXGroup;
			children = (
				61F22E99684CE10F9897995B /* Pods_KoreanGuardians.framework */,
			);
			name = Frameworks;
			sourceTree = "<group>";
		};
		BC2578FD2E596D5203C462E9 /* Pods */ = {
			isa = PBXGroup;
			children = (
				516998FE6C7AFF5647139456 /* Pods-KoreanGuardians.debug.xcconfig */,
				ACAD95F1770CF750DE49012B /* Pods-KoreanGuardians.release.xcconfig */,
			);
			path = Pods;
			sourceTree = "<group>";
		};
/* End PBXGroup section */

/* Begin PBXNativeTarget section */
		3B775C7A22E7005A00926A8C /* KoreanGuardians */ = {
			isa = PBXNativeTarget;
			buildConfigurationList = 3B775C8D22E7005B00926A8C /* Build configuration list for PBXNativeTarget "KoreanGuardians" */;
			buildPhases = (
				415E39B7D3B555C540AFFF3E /* [CP] Check Pods Manifest.lock */,
				3B775C7722E7005A00926A8C /* Sources */,
				3B775C7822E7005A00926A8C /* Frameworks */,
				3B775C7922E7005A00926A8C /* Resources */,
				9D9C8AE69095D996926480B1 /* [CP] Embed Pods Frameworks */,
				3B775C9E22E7284700926A8C /* ShellScript */,
			);
			buildRules = (
			);
			dependencies = (
			);
			name = KoreanGuardians;
			productName = KoreanGuardians;
			productReference = 3B775C7B22E7005A00926A8C /* KoreanGuardians.app */;
			productType = "com.apple.product-type.application";
		};
/* End PBXNativeTarget section */

/* Begin PBXProject section */
		3B775C7322E7005A00926A8C /* Project object */ = {
			isa = PBXProject;
			attributes = {
				LastSwiftUpdateCheck = 1020;
				LastUpgradeCheck = 1020;
				ORGANIZATIONNAME = "강수진";
				TargetAttributes = {
					3B775C7A22E7005A00926A8C = {
						CreatedOnToolsVersion = 10.2.1;
					};
				};
			};
			buildConfigurationList = 3B775C7622E7005A00926A8C /* Build configuration list for PBXProject "KoreanGuardians" */;
			compatibilityVersion = "Xcode 9.3";
			developmentRegion = en;
			hasScannedForEncodings = 0;
			knownRegions = (
				en,
				Base,
				ko,
			);
			mainGroup = 3B775C7222E7005A00926A8C;
			productRefGroup = 3B775C7C22E7005A00926A8C /* Products */;
			projectDirPath = "";
			projectRoot = "";
			targets = (
				3B775C7A22E7005A00926A8C /* KoreanGuardians */,
			);
		};
/* End PBXProject section */

/* Begin PBXResourcesBuildPhase section */
		3B775C7922E7005A00926A8C /* Resources */ = {
			isa = PBXResourcesBuildPhase;
			buildActionMask = 2147483647;
			files = (
				3B775CA022E728AD00926A8C /* .swiftlint.yml in Resources */,
				3B775C8922E7005B00926A8C /* LaunchScreen.storyboard in Resources */,
				3B775C9622E71CD700926A8C /* InfoPlist.strings in Resources */,
				3B775C8622E7005B00926A8C /* Assets.xcassets in Resources */,
				3B775C8422E7005A00926A8C /* Main.storyboard in Resources */,
			);
			runOnlyForDeploymentPostprocessing = 0;
		};
/* End PBXResourcesBuildPhase section */

/* Begin PBXShellScriptBuildPhase section */
		3B775C9E22E7284700926A8C /* ShellScript */ = {
			isa = PBXShellScriptBuildPhase;
			buildActionMask = 2147483647;
			files = (
			);
			inputFileListPaths = (
			);
			inputPaths = (
			);
			outputFileListPaths = (
			);
			outputPaths = (
			);
			runOnlyForDeploymentPostprocessing = 0;
			shellPath = /bin/sh;
			shellScript = "# Type a script or drag a script file from your workspace to insert its path.\n${PODS_ROOT}/SwiftLint/swiftlint\n";
		};
		415E39B7D3B555C540AFFF3E /* [CP] Check Pods Manifest.lock */ = {
			isa = PBXShellScriptBuildPhase;
			buildActionMask = 2147483647;
			files = (
			);
			inputFileListPaths = (
			);
			inputPaths = (
				"${PODS_PODFILE_DIR_PATH}/Podfile.lock",
				"${PODS_ROOT}/Manifest.lock",
			);
			name = "[CP] Check Pods Manifest.lock";
			outputFileListPaths = (
			);
			outputPaths = (
				"$(DERIVED_FILE_DIR)/Pods-KoreanGuardians-checkManifestLockResult.txt",
			);
			runOnlyForDeploymentPostprocessing = 0;
			shellPath = /bin/sh;
			shellScript = "diff \"${PODS_PODFILE_DIR_PATH}/Podfile.lock\" \"${PODS_ROOT}/Manifest.lock\" > /dev/null\nif [ $? != 0 ] ; then\n    # print error to STDERR\n    echo \"error: The sandbox is not in sync with the Podfile.lock. Run 'pod install' or update your CocoaPods installation.\" >&2\n    exit 1\nfi\n# This output is used by Xcode 'outputs' to avoid re-running this script phase.\necho \"SUCCESS\" > \"${SCRIPT_OUTPUT_FILE_0}\"\n";
			showEnvVarsInLog = 0;
		};
		9D9C8AE69095D996926480B1 /* [CP] Embed Pods Frameworks */ = {
			isa = PBXShellScriptBuildPhase;
			buildActionMask = 2147483647;
			files = (
			);
			inputFileListPaths = (
				"${PODS_ROOT}/Target Support Files/Pods-KoreanGuardians/Pods-KoreanGuardians-frameworks-${CONFIGURATION}-input-files.xcfilelist",
			);
			name = "[CP] Embed Pods Frameworks";
			outputFileListPaths = (
				"${PODS_ROOT}/Target Support Files/Pods-KoreanGuardians/Pods-KoreanGuardians-frameworks-${CONFIGURATION}-output-files.xcfilelist",
			);
			runOnlyForDeploymentPostprocessing = 0;
			shellPath = /bin/sh;
			shellScript = "\"${PODS_ROOT}/Target Support Files/Pods-KoreanGuardians/Pods-KoreanGuardians-frameworks.sh\"\n";
			showEnvVarsInLog = 0;
		};
/* End PBXShellScriptBuildPhase section */

/* Begin PBXSourcesBuildPhase section */
		3B775C7722E7005A00926A8C /* Sources */ = {
			isa = PBXSourcesBuildPhase;
			buildActionMask = 2147483647;
			files = (
				3B775C8122E7005A00926A8C /* ViewController.swift in Sources */,
				3B775C7F22E7005A00926A8C /* AppDelegate.swift in Sources */,
			);
			runOnlyForDeploymentPostprocessing = 0;
		};
/* End PBXSourcesBuildPhase section */

/* Begin PBXVariantGroup section */
		3B775C8222E7005A00926A8C /* Main.storyboard */ = {
			isa = PBXVariantGroup;
			children = (
				3B775C8322E7005A00926A8C /* Base */,
				3B775C9222E71BD300926A8C /* ko */,
				3B775C9B22E71E1B00926A8C /* en */,
			);
			name = Main.storyboard;
			sourceTree = "<group>";
		};
		3B775C8722E7005B00926A8C /* LaunchScreen.storyboard */ = {
			isa = PBXVariantGroup;
			children = (
				3B775C8822E7005B00926A8C /* Base */,
				3B775C9322E71BD300926A8C /* ko */,
				3B775C9D22E71E2900926A8C /* en */,
			);
			name = LaunchScreen.storyboard;
			sourceTree = "<group>";
		};
		3B775C9822E71CD700926A8C /* InfoPlist.strings */ = {
			isa = PBXVariantGroup;
			children = (
				3B775C9722E71CD700926A8C /* en */,
				3B775C9922E71CE500926A8C /* ko */,
			);
			name = InfoPlist.strings;
			sourceTree = "<group>";
		};
/* End PBXVariantGroup section */

/* Begin XCBuildConfiguration section */
		3B775C8B22E7005B00926A8C /* Debug */ = {
			isa = XCBuildConfiguration;
			buildSettings = {
				ALWAYS_SEARCH_USER_PATHS = NO;
				CLANG_ANALYZER_LOCALIZABILITY_NONLOCALIZED = YES;
				CLANG_ANALYZER_NONNULL = YES;
				CLANG_ANALYZER_NUMBER_OBJECT_CONVERSION = YES_AGGRESSIVE;
				CLANG_CXX_LANGUAGE_STANDARD = "gnu++14";
				CLANG_CXX_LIBRARY = "libc++";
				CLANG_ENABLE_MODULES = YES;
				CLANG_ENABLE_OBJC_ARC = YES;
				CLANG_ENABLE_OBJC_WEAK = YES;
				CLANG_WARN_BLOCK_CAPTURE_AUTORELEASING = YES;
				CLANG_WARN_BOOL_CONVERSION = YES;
				CLANG_WARN_COMMA = YES;
				CLANG_WARN_CONSTANT_CONVERSION = YES;
				CLANG_WARN_DEPRECATED_OBJC_IMPLEMENTATIONS = YES;
				CLANG_WARN_DIRECT_OBJC_ISA_USAGE = YES_ERROR;
				CLANG_WARN_DOCUMENTATION_COMMENTS = YES;
				CLANG_WARN_EMPTY_BODY = YES;
				CLANG_WARN_ENUM_CONVERSION = YES;
				CLANG_WARN_INFINITE_RECURSION = YES;
				CLANG_WARN_INT_CONVERSION = YES;
				CLANG_WARN_NON_LITERAL_NULL_CONVERSION = YES;
				CLANG_WARN_OBJC_IMPLICIT_RETAIN_SELF = YES;
				CLANG_WARN_OBJC_LITERAL_CONVERSION = YES;
				CLANG_WARN_OBJC_ROOT_CLASS = YES_ERROR;
				CLANG_WARN_RANGE_LOOP_ANALYSIS = YES;
				CLANG_WARN_STRICT_PROTOTYPES = YES;
				CLANG_WARN_SUSPICIOUS_MOVE = YES;
				CLANG_WARN_UNGUARDED_AVAILABILITY = YES_AGGRESSIVE;
				CLANG_WARN_UNREACHABLE_CODE = YES;
				CLANG_WARN__DUPLICATE_METHOD_MATCH = YES;
				CODE_SIGN_IDENTITY = "iPhone Developer";
				COPY_PHASE_STRIP = NO;
				DEBUG_INFORMATION_FORMAT = dwarf;
				ENABLE_STRICT_OBJC_MSGSEND = YES;
				ENABLE_TESTABILITY = YES;
				GCC_C_LANGUAGE_STANDARD = gnu11;
				GCC_DYNAMIC_NO_PIC = NO;
				GCC_NO_COMMON_BLOCKS = YES;
				GCC_OPTIMIZATION_LEVEL = 0;
				GCC_PREPROCESSOR_DEFINITIONS = (
					"DEBUG=1",
					"$(inherited)",
				);
				GCC_WARN_64_TO_32_BIT_CONVERSION = YES;
				GCC_WARN_ABOUT_RETURN_TYPE = YES_ERROR;
				GCC_WARN_UNDECLARED_SELECTOR = YES;
				GCC_WARN_UNINITIALIZED_AUTOS = YES_AGGRESSIVE;
				GCC_WARN_UNUSED_FUNCTION = YES;
				GCC_WARN_UNUSED_VARIABLE = YES;
				IPHONEOS_DEPLOYMENT_TARGET = 12.2;
				MTL_ENABLE_DEBUG_INFO = INCLUDE_SOURCE;
				MTL_FAST_MATH = YES;
				ONLY_ACTIVE_ARCH = YES;
				SDKROOT = iphoneos;
				SWIFT_ACTIVE_COMPILATION_CONDITIONS = DEBUG;
				SWIFT_OPTIMIZATION_LEVEL = "-Onone";
			};
			name = Debug;
		};
		3B775C8C22E7005B00926A8C /* Release */ = {
			isa = XCBuildConfiguration;
			buildSettings = {
				ALWAYS_SEARCH_USER_PATHS = NO;
				CLANG_ANALYZER_LOCALIZABILITY_NONLOCALIZED = YES;
				CLANG_ANALYZER_NONNULL = YES;
				CLANG_ANALYZER_NUMBER_OBJECT_CONVERSION = YES_AGGRESSIVE;
				CLANG_CXX_LANGUAGE_STANDARD = "gnu++14";
				CLANG_CXX_LIBRARY = "libc++";
				CLANG_ENABLE_MODULES = YES;
				CLANG_ENABLE_OBJC_ARC = YES;
				CLANG_ENABLE_OBJC_WEAK = YES;
				CLANG_WARN_BLOCK_CAPTURE_AUTORELEASING = YES;
				CLANG_WARN_BOOL_CONVERSION = YES;
				CLANG_WARN_COMMA = YES;
				CLANG_WARN_CONSTANT_CONVERSION = YES;
				CLANG_WARN_DEPRECATED_OBJC_IMPLEMENTATIONS = YES;
				CLANG_WARN_DIRECT_OBJC_ISA_USAGE = YES_ERROR;
				CLANG_WARN_DOCUMENTATION_COMMENTS = YES;
				CLANG_WARN_EMPTY_BODY = YES;
				CLANG_WARN_ENUM_CONVERSION = YES;
				CLANG_WARN_INFINITE_RECURSION = YES;
				CLANG_WARN_INT_CONVERSION = YES;
				CLANG_WARN_NON_LITERAL_NULL_CONVERSION = YES;
				CLANG_WARN_OBJC_IMPLICIT_RETAIN_SELF = YES;
				CLANG_WARN_OBJC_LITERAL_CONVERSION = YES;
				CLANG_WARN_OBJC_ROOT_CLASS = YES_ERROR;
				CLANG_WARN_RANGE_LOOP_ANALYSIS = YES;
				CLANG_WARN_STRICT_PROTOTYPES = YES;
				CLANG_WARN_SUSPICIOUS_MOVE = YES;
				CLANG_WARN_UNGUARDED_AVAILABILITY = YES_AGGRESSIVE;
				CLANG_WARN_UNREACHABLE_CODE = YES;
				CLANG_WARN__DUPLICATE_METHOD_MATCH = YES;
				CODE_SIGN_IDENTITY = "iPhone Developer";
				COPY_PHASE_STRIP = NO;
				DEBUG_INFORMATION_FORMAT = "dwarf-with-dsym";
				ENABLE_NS_ASSERTIONS = NO;
				ENABLE_STRICT_OBJC_MSGSEND = YES;
				GCC_C_LANGUAGE_STANDARD = gnu11;
				GCC_NO_COMMON_BLOCKS = YES;
				GCC_WARN_64_TO_32_BIT_CONVERSION = YES;
				GCC_WARN_ABOUT_RETURN_TYPE = YES_ERROR;
				GCC_WARN_UNDECLARED_SELECTOR = YES;
				GCC_WARN_UNINITIALIZED_AUTOS = YES_AGGRESSIVE;
				GCC_WARN_UNUSED_FUNCTION = YES;
				GCC_WARN_UNUSED_VARIABLE = YES;
				IPHONEOS_DEPLOYMENT_TARGET = 12.2;
				MTL_ENABLE_DEBUG_INFO = NO;
				MTL_FAST_MATH = YES;
				SDKROOT = iphoneos;
				SWIFT_COMPILATION_MODE = wholemodule;
				SWIFT_OPTIMIZATION_LEVEL = "-O";
				VALIDATE_PRODUCT = YES;
			};
			name = Release;
		};
		3B775C8E22E7005B00926A8C /* Debug */ = {
			isa = XCBuildConfiguration;
			baseConfigurationReference = 516998FE6C7AFF5647139456 /* Pods-KoreanGuardians.debug.xcconfig */;
			buildSettings = {
				ASSETCATALOG_COMPILER_APPICON_NAME = AppIcon;
				CODE_SIGN_STYLE = Automatic;
				DEVELOPMENT_TEAM = Y4XABUQ539;
				INFOPLIST_FILE = KoreanGuardians/Info.plist;
				LD_RUNPATH_SEARCH_PATHS = (
					"$(inherited)",
					"@executable_path/Frameworks",
				);
				PRODUCT_BUNDLE_IDENTIFIER = com.sujinnaljin.KoreanGuardians;
				PRODUCT_NAME = "$(TARGET_NAME)";
				SWIFT_VERSION = 5.0;
				TARGETED_DEVICE_FAMILY = "1,2";
			};
			name = Debug;
		};
		3B775C8F22E7005B00926A8C /* Release */ = {
			isa = XCBuildConfiguration;
			baseConfigurationReference = ACAD95F1770CF750DE49012B /* Pods-KoreanGuardians.release.xcconfig */;
			buildSettings = {
				ASSETCATALOG_COMPILER_APPICON_NAME = AppIcon;
				CODE_SIGN_STYLE = Automatic;
				DEVELOPMENT_TEAM = Y4XABUQ539;
				INFOPLIST_FILE = KoreanGuardians/Info.plist;
				LD_RUNPATH_SEARCH_PATHS = (
					"$(inherited)",
					"@executable_path/Frameworks",
				);
				PRODUCT_BUNDLE_IDENTIFIER = com.sujinnaljin.KoreanGuardians;
				PRODUCT_NAME = "$(TARGET_NAME)";
				SWIFT_VERSION = 5.0;
				TARGETED_DEVICE_FAMILY = "1,2";
			};
			name = Release;
		};
/* End XCBuildConfiguration section */

/* Begin XCConfigurationList section */
		3B775C7622E7005A00926A8C /* Build configuration list for PBXProject "KoreanGuardians" */ = {
			isa = XCConfigurationList;
			buildConfigurations = (
				3B775C8B22E7005B00926A8C /* Debug */,
				3B775C8C22E7005B00926A8C /* Release */,
			);
			defaultConfigurationIsVisible = 0;
			defaultConfigurationName = Release;
		};
		3B775C8D22E7005B00926A8C /* Build configuration list for PBXNativeTarget "KoreanGuardians" */ = {
			isa = XCConfigurationList;
			buildConfigurations = (
				3B775C8E22E7005B00926A8C /* Debug */,
				3B775C8F22E7005B00926A8C /* Release */,
			);
			defaultConfigurationIsVisible = 0;
			defaultConfigurationName = Release;
		};
/* End XCConfigurationList section */
	};
	rootObject = 3B775C7322E7005A00926A8C /* Project object */;
}
